
Microsoft Visual Studio Solution File, Format Version 12.00
# Visual Studio Version 17
VisualStudioVersion = 17.5.002.0
MinimumVisualStudioVersion = 10.0.40219.1
Project("{9A19103F-16F7-4668-BE54-9A1E7A4F7556}") = "ProExam", "ProExam.csproj", "{871FC71C-6A1A-4F3E-9FE6-353BF9683051}"
EndProject
Global
	GlobalSection(SolutionConfigurationPlatforms) = preSolution
		Debug|Any CPU = Debug|Any CPU
		Release|Any CPU = Release|Any CPU
	EndGlobalSection
	GlobalSection(ProjectConfigurationPlatforms) = postSolution
		{871FC71C-6A1A-4F3E-9FE6-353BF9683051}.Debug|Any CPU.ActiveCfg = Debug|Any CPU
		{871FC71C-6A1A-4F3E-9FE6-353BF9683051}.Debug|Any CPU.Build.0 = Debug|Any CPU
		{871FC71C-6A1A-4F3E-9FE6-353BF9683051}.Release|Any CPU.ActiveCfg = Release|Any CPU
		{871FC71C-6A1A-4F3E-9FE6-353BF9683051}.Release|Any CPU.Build.0 = Release|Any CPU
	EndGlobalSection
	GlobalSection(SolutionProperties) = preSolution
		HideSolutionNode = FALSE
	EndGlobalSection
	GlobalSection(ExtensibilityGlobals) = postSolution
		SolutionGuid = {880B7436-A3D8-4F1C-B686-4FE93EBF8F0E}
	EndGlobalSection
EndGlobal
